
Microsoft Visual Studio Solution File, Format Version 12.00
# Visual Studio Version 16
VisualStudioVersion = 16.0.32228.343
MinimumVisualStudioVersion = 10.0.40219.1
Project("{FAE04EC0-301F-11D3-BF4B-00C04F79EFBC}") = "TrainStation", "TrainStation\TrainStation.csproj", "{A1B423DD-D9A2-4062-B16F-BCD5766BA7CF}"
EndProject
Global
	GlobalSection(SolutionConfigurationPlatforms) = preSolution
		Debug|Any CPU = Debug|Any CPU
		Release|Any CPU = Release|Any CPU
	EndGlobalSection
	GlobalSection(ProjectConfigurationPlatforms) = postSolution
		{A1B423DD-D9A2-4062-B16F-BCD5766BA7CF}.Debug|Any CPU.ActiveCfg = Debug|Any CPU
		{A1B423DD-D9A2-4062-B16F-BCD5766BA7CF}.Debug|Any CPU.Build.0 = Debug|Any CPU
		{A1B423DD-D9A2-4062-B16F-BCD5766BA7CF}.Release|Any CPU.ActiveCfg = Release|Any CPU
		{A1B423DD-D9A2-4062-B16F-BCD5766BA7CF}.Release|Any CPU.Build.0 = Release|Any CPU
	EndGlobalSection
	GlobalSection(SolutionProperties) = preSolution
		HideSolutionNode = FALSE
	EndGlobalSection
	GlobalSection(ExtensibilityGlobals) = postSolution
		SolutionGuid = {7681A19D-F083-4F35-B13F-39B4C0DE8DCC}
	EndGlobalSection
EndGlobal
